
Microsoft Visual Studio Solution File, Format Version 12.00
# Visual Studio Version 17
VisualStudioVersion = 17.9.34728.123
MinimumVisualStudioVersion = 10.0.40219.1
Project("{FAE04EC0-301F-11D3-BF4B-00C04F79EFBC}") = "AstarGUI", "AstarGUI\AstarGUI.csproj", "{5DCC47D8-1FAA-4FA3-9ACE-CFDB9304D96B}"
EndProject
Project("{FAE04EC0-301F-11D3-BF4B-00C04F79EFBC}") = "Astar", "Astar\Astar.csproj", "{AA37E6C9-D832-4591-A3F2-72E0AB52E0A7}"
EndProject
Project("{2150E333-8FDC-42A3-9474-1A3956D46DE8}") = "Solution Items", "Solution Items", "{A6E48AC5-7B52-40CC-8A5C-F15B0E27D85C}"
	ProjectSection(SolutionItems) = preProject
		.editorconfig = .editorconfig
	EndProjectSection
EndProject
Global
	GlobalSection(SolutionConfigurationPlatforms) = preSolution
		Debug|Any CPU = Debug|Any CPU
		Release|Any CPU = Release|Any CPU
	EndGlobalSection
	GlobalSection(ProjectConfigurationPlatforms) = postSolution
		{5DCC47D8-1FAA-4FA3-9ACE-CFDB9304D96B}.Debug|Any CPU.ActiveCfg = Debug|Any CPU
		{5DCC47D8-1FAA-4FA3-9ACE-CFDB9304D96B}.Debug|Any CPU.Build.0 = Debug|Any CPU
		{5DCC47D8-1FAA-4FA3-9ACE-CFDB9304D96B}.Release|Any CPU.ActiveCfg = Release|Any CPU
		{5DCC47D8-1FAA-4FA3-9ACE-CFDB9304D96B}.Release|Any CPU.Build.0 = Release|Any CPU
		{AA37E6C9-D832-4591-A3F2-72E0AB52E0A7}.Debug|Any CPU.ActiveCfg = Debug|Any CPU
		{AA37E6C9-D832-4591-A3F2-72E0AB52E0A7}.Debug|Any CPU.Build.0 = Debug|Any CPU
		{AA37E6C9-D832-4591-A3F2-72E0AB52E0A7}.Release|Any CPU.ActiveCfg = Release|Any CPU
		{AA37E6C9-D832-4591-A3F2-72E0AB52E0A7}.Release|Any CPU.Build.0 = Release|Any CPU
	EndGlobalSection
	GlobalSection(SolutionProperties) = preSolution
		HideSolutionNode = FALSE
	EndGlobalSection
	GlobalSection(ExtensibilityGlobals) = postSolution
		SolutionGuid = {8D99A864-9363-40FF-9121-5EB71B98E6A9}
	EndGlobalSection
EndGlobal
